
Microsoft Visual Studio Solution File, Format Version 12.00
# Visual Studio Version 17
VisualStudioVersion = 17.3.32929.385
MinimumVisualStudioVersion = 10.0.40219.1
Project("{FAE04EC0-301F-11D3-BF4B-00C04F79EFBC}") = "Dolar", "Dolar\Dolar.csproj", "{6DFC1269-5ED7-440E-8711-0989F6544EE4}"
EndProject
Global
	GlobalSection(SolutionConfigurationPlatforms) = preSolution
		Debug|Any CPU = Debug|Any CPU
		Release|Any CPU = Release|Any CPU
	EndGlobalSection
	GlobalSection(ProjectConfigurationPlatforms) = postSolution
		{6DFC1269-5ED7-440E-8711-0989F6544EE4}.Debug|Any CPU.ActiveCfg = Debug|Any CPU
		{6DFC1269-5ED7-440E-8711-0989F6544EE4}.Debug|Any CPU.Build.0 = Debug|Any CPU
		{6DFC1269-5ED7-440E-8711-0989F6544EE4}.Release|Any CPU.ActiveCfg = Release|Any CPU
		{6DFC1269-5ED7-440E-8711-0989F6544EE4}.Release|Any CPU.Build.0 = Release|Any CPU
	EndGlobalSection
	GlobalSection(SolutionProperties) = preSolution
		HideSolutionNode = FALSE
	EndGlobalSection
	GlobalSection(ExtensibilityGlobals) = postSolution
		SolutionGuid = {052D1143-905E-4891-BFFD-89A35802CD22}
	EndGlobalSection
EndGlobal
